// !$*UTF8*$!
{
	archiveVersion = 1;
	classes = {
	};
	objectVersion = 55;
	objects = {

/* Begin PBXBuildFile section */
		5613A47A288DDD2F00A77C5D /* AppDelegate.swift in Sources */ = {isa = PBXBuildFile; fileRef = 5613A479288DDD2F00A77C5D /* AppDelegate.swift */; };
		5613A47C288DDD2F00A77C5D /* SceneDelegate.swift in Sources */ = {isa = PBXBuildFile; fileRef = 5613A47B288DDD2F00A77C5D /* SceneDelegate.swift */; };
		5613A47E288DDD2F00A77C5D /* ViewController.swift in Sources */ = {isa = PBXBuildFile; fileRef = 5613A47D288DDD2F00A77C5D /* ViewController.swift */; };
		5613A483288DDD3100A77C5D /* Assets.xcassets in Resources */ = {isa = PBXBuildFile; fileRef = 5613A482288DDD3100A77C5D /* Assets.xcassets */; };
		5613A486288DDD3100A77C5D /* LaunchScreen.storyboard in Resources */ = {isa = PBXBuildFile; fileRef = 5613A484288DDD3100A77C5D /* LaunchScreen.storyboard */; };
		5613A48F288DDE0800A77C5D /* Views.png in Resources */ = {isa = PBXBuildFile; fileRef = 5613A48E288DDE0800A77C5D /* Views.png */; };
		5613A491288DDE8600A77C5D /* Model.swift in Sources */ = {isa = PBXBuildFile; fileRef = 5613A490288DDE8600A77C5D /* Model.swift */; };
		5613A493288DDE9F00A77C5D /* Main.storyboard in Resources */ = {isa = PBXBuildFile; fileRef = 5613A492288DDE9E00A77C5D /* Main.storyboard */; };
/* End PBXBuildFile section */

/* Begin PBXFileReference section */
		5613A476288DDD2F00A77C5D /* JPMC_takehome.app */ = {isa = PBXFileReference; explicitFileType = wrapper.application; includeInIndex = 0; path = JPMC_takehome.app; sourceTree = BUILT_PRODUCTS_DIR; };
		5613A479288DDD2F00A77C5D /* AppDelegate.swift */ = {isa = PBXFileReference; lastKnownFileType = sourcecode.swift; path = AppDelegate.swift; sourceTree = "<group>"; };
		5613A47B288DDD2F00A77C5D /* SceneDelegate.swift */ = {isa = PBXFileReference; lastKnownFileType = sourcecode.swift; path = SceneDelegate.swift; sourceTree = "<group>"; };
		5613A47D288DDD2F00A77C5D /* ViewController.swift */ = {isa = PBXFileReference; lastKnownFileType = sourcecode.swift; path = ViewController.swift; sourceTree = "<group>"; };
		5613A482288DDD3100A77C5D /* Assets.xcassets */ = {isa = PBXFileReference; lastKnownFileType = folder.assetcatalog; path = Assets.xcassets; sourceTree = "<group>"; };
		5613A485288DDD3100A77C5D /* Base */ = {isa = PBXFileReference; lastKnownFileType = file.storyboard; name = Base; path = Base.lproj/LaunchScreen.storyboard; sourceTree = "<group>"; };
		5613A487288DDD3100A77C5D /* Info.plist */ = {isa = PBXFileReference; lastKnownFileType = text.plist.xml; path = Info.plist; sourceTree = "<group>"; };
		5613A48D288DDDFB00A77C5D /* README.md */ = {isa = PBXFileReference; lastKnownFileType = net.daringfireball.markdown; path = README.md; sourceTree = "<group>"; };
		5613A48E288DDE0800A77C5D /* Views.png */ = {isa = PBXFileReference; lastKnownFileType = image.png; path = Views.png; sourceTree = "<group>"; };
		5613A490288DDE8600A77C5D /* Model.swift */ = {isa = PBXFileReference; lastKnownFileType = sourcecode.swift; path = Model.swift; sourceTree = "<group>"; };
		5613A492288DDE9E00A77C5D /* Main.storyboard */ = {isa = PBXFileReference; fileEncoding = 4; lastKnownFileType = file.storyboard; path = Main.storyboard; sourceTree = "<group>"; };
/* End PBXFileReference section */

/* Begin PBXFrameworksBuildPhase section */
		5613A473288DDD2F00A77C5D /* Frameworks */ = {
			isa = PBXFrameworksBuildPhase;
			buildActionMask = 2147483647;
			files = (
			);
			runOnlyForDeploymentPostprocessing = 0;
		};
/* End PBXFrameworksBuildPhase section */

/* Begin PBXGroup section */
		5613A46D288DDD2F00A77C5D = {
			isa = PBXGroup;
			children = (
				5613A48D288DDDFB00A77C5D /* README.md */,
				5613A478288DDD2F00A77C5D /* JPMC_takehome */,
				5613A477288DDD2F00A77C5D /* Products */,
			);
			sourceTree = "<group>";
		};
		5613A477288DDD2F00A77C5D /* Products */ = {
			isa = PBXGroup;
			children = (
				5613A476288DDD2F00A77C5D /* JPMC_takehome.app */,
			);
			name = Products;
			sourceTree = "<group>";
		};
		5613A478288DDD2F00A77C5D /* JPMC_takehome */ = {
			isa = PBXGroup;
			children = (
				5613A479288DDD2F00A77C5D /* AppDelegate.swift */,
				5613A47B288DDD2F00A77C5D /* SceneDelegate.swift */,
				5613A47D288DDD2F00A77C5D /* ViewController.swift */,
				5613A490288DDE8600A77C5D /* Model.swift */,
				5613A492288DDE9E00A77C5D /* Main.storyboard */,
				5613A482288DDD3100A77C5D /* Assets.xcassets */,
				5613A484288DDD3100A77C5D /* LaunchScreen.storyboard */,
				5613A487288DDD3100A77C5D /* Info.plist */,
				5613A48E288DDE0800A77C5D /* Views.png */,
			);
			path = JPMC_takehome;
			sourceTree = "<group>";
		};
/* End PBXGroup section */

/* Begin PBXNativeTarget section */
		5613A475288DDD2F00A77C5D /* JPMC_takehome */ = {
			isa = PBXNativeTarget;
			buildConfigurationList = 5613A48A288DDD3100A77C5D /* Build configuration list for PBXNativeTarget "JPMC_takehome" */;
			buildPhases = (
				5613A472288DDD2F00A77C5D /* Sources */,
				5613A473288DDD2F00A77C5D /* Frameworks */,
				5613A474288DDD2F00A77C5D /* Resources */,
			);
			buildRules = (
			);
			dependencies = (
			);
			name = JPMC_takehome;
			productName = JPMC_takehome;
			productReference = 5613A476288DDD2F00A77C5D /* JPMC_takehome.app */;
			productType = "com.apple.product-type.application";
		};
/* End PBXNativeTarget section */

/* Begin PBXProject section */
		5613A46E288DDD2F00A77C5D /* Project object */ = {
			isa = PBXProject;
			attributes = {
				BuildIndependentTargetsInParallel = 1;
				LastSwiftUpdateCheck = 1340;
				LastUpgradeCheck = 1340;
				TargetAttributes = {
					5613A475288DDD2F00A77C5D = {
						CreatedOnToolsVersion = 13.4.1;
					};
				};
			};
			buildConfigurationList = 5613A471288DDD2F00A77C5D /* Build configuration list for PBXProject "JPMC_takehome" */;
			compatibilityVersion = "Xcode 13.0";
			developmentRegion = en;
			hasScannedForEncodings = 0;
			knownRegions = (
				en,
				Base,
			);
			mainGroup = 5613A46D288DDD2F00A77C5D;
			productRefGroup = 5613A477288DDD2F00A77C5D /* Products */;
			projectDirPath = "";
			projectRoot = "";
			targets = (
				5613A475288DDD2F00A77C5D /* JPMC_takehome */,
			);
		};
/* End PBXProject section */

/* Begin PBXResourcesBuildPhase section */
		5613A474288DDD2F00A77C5D /* Resources */ = {
			isa = PBXResourcesBuildPhase;
			buildActionMask = 2147483647;
			files = (
				5613A486288DDD3100A77C5D /* LaunchScreen.storyboard in Resources */,
				5613A483288DDD3100A77C5D /* Assets.xcassets in Resources */,
				5613A48F288DDE0800A77C5D /* Views.png in Resources */,
				5613A493288DDE9F00A77C5D /* Main.storyboard in Resources */,
			);
			runOnlyForDeploymentPostprocessing = 0;
		};
/* End PBXResourcesBuildPhase section */

/* Begin PBXSourcesBuildPhase section */
		5613A472288DDD2F00A77C5D /* Sources */ = {
			isa = PBXSourcesBuildPhase;
			buildActionMask = 2147483647;
			files = (
				5613A47E288DDD2F00A77C5D /* ViewController.swift in Sources */,
				5613A47A288DDD2F00A77C5D /* AppDelegate.swift in Sources */,
				5613A47C288DDD2F00A77C5D /* SceneDelegate.swift in Sources */,
				5613A491288DDE8600A77C5D /* Model.swift in Sources */,
			);
			runOnlyForDeploymentPostprocessing = 0;
		};
/* End PBXSourcesBuildPhase section */

/* Begin PBXVariantGroup section */
		5613A484288DDD3100A77C5D /* LaunchScreen.storyboard */ = {
			isa = PBXVariantGroup;
			children = (
				5613A485288DDD3100A77C5D /* Base */,
			);
			name = LaunchScreen.storyboard;
			sourceTree = "<group>";
		};
/* End PBXVariantGroup section */

/* Begin XCBuildConfiguration section */
		5613A488288DDD3100A77C5D /* Debug */ = {
			isa = XCBuildConfiguration;
			buildSettings = {
				ALWAYS_SEARCH_USER_PATHS = NO;
				CLANG_ANALYZER_NONNULL = YES;
				CLANG_ANALYZER_NUMBER_OBJECT_CONVERSION = YES_AGGRESSIVE;
				CLANG_CXX_LANGUAGE_STANDARD = "gnu++17";
				CLANG_ENABLE_MODULES = YES;
				CLANG_ENABLE_OBJC_ARC = YES;
				CLANG_ENABLE_OBJC_WEAK = YES;
				CLANG_WARN_BLOCK_CAPTURE_AUTORELEASING = YES;
				CLANG_WARN_BOOL_CONVERSION = YES;
				CLANG_WARN_COMMA = YES;
				CLANG_WARN_CONSTANT_CONVERSION = YES;
				CLANG_WARN_DEPRECATED_OBJC_IMPLEMENTATIONS = YES;
				CLANG_WARN_DIRECT_OBJC_ISA_USAGE = YES_ERROR;
				CLANG_WARN_DOCUMENTATION_COMMENTS = YES;
				CLANG_WARN_EMPTY_BODY = YES;
				CLANG_WARN_ENUM_CONVERSION = YES;
				CLANG_WARN_INFINITE_RECURSION = YES;
				CLANG_WARN_INT_CONVERSION = YES;
				CLANG_WARN_NON_LITERAL_NULL_CONVERSION = YES;
				CLANG_WARN_OBJC_IMPLICIT_RETAIN_SELF = YES;
				CLANG_WARN_OBJC_LITERAL_CONVERSION = YES;
				CLANG_WARN_OBJC_ROOT_CLASS = YES_ERROR;
				CLANG_WARN_QUOTED_INCLUDE_IN_FRAMEWORK_HEADER = YES;
				CLANG_WARN_RANGE_LOOP_ANALYSIS = YES;
				CLANG_WARN_STRICT_PROTOTYPES = YES;
				CLANG_WARN_SUSPICIOUS_MOVE = YES;
				CLANG_WARN_UNGUARDED_AVAILABILITY = YES_AGGRESSIVE;
				CLANG_WARN_UNREACHABLE_CODE = YES;
				CLANG_WARN__DUPLICATE_METHOD_MATCH = YES;
				COPY_PHASE_STRIP = NO;
				DEBUG_INFORMATION_FORMAT = dwarf;
				ENABLE_STRICT_OBJC_MSGSEND = YES;
				ENABLE_TESTABILITY = YES;
				GCC_C_LANGUAGE_STANDARD = gnu11;
				GCC_DYNAMIC_NO_PIC = NO;
				GCC_NO_COMMON_BLOCKS = YES;
				GCC_OPTIMIZATION_LEVEL = 0;
				GCC_PREPROCESSOR_DEFINITIONS = (
					"DEBUG=1",
					"$(inherited)",
				);
				GCC_WARN_64_TO_32_BIT_CONVERSION = YES;
				GCC_WARN_ABOUT_RETURN_TYPE = YES_ERROR;
				GCC_WARN_UNDECLARED_SELECTOR = YES;
				GCC_WARN_UNINITIALIZED_AUTOS = YES_AGGRESSIVE;
				GCC_WARN_UNUSED_FUNCTION = YES;
				GCC_WARN_UNUSED_VARIABLE = YES;
				IPHONEOS_DEPLOYMENT_TARGET = 15.5;
				MTL_ENABLE_DEBUG_INFO = INCLUDE_SOURCE;
				MTL_FAST_MATH = YES;
				ONLY_ACTIVE_ARCH = YES;
				SDKROOT = iphoneos;
				SWIFT_ACTIVE_COMPILATION_CONDITIONS = DEBUG;
				SWIFT_OPTIMIZATION_LEVEL = "-Onone";
			};
			name = Debug;
		};
		5613A489288DDD3100A77C5D /* Release */ = {
			isa = XCBuildConfiguration;
			buildSettings = {
				ALWAYS_SEARCH_USER_PATHS = NO;
				CLANG_ANALYZER_NONNULL = YES;
				CLANG_ANALYZER_NUMBER_OBJECT_CONVERSION = YES_AGGRESSIVE;
				CLANG_CXX_LANGUAGE_STANDARD = "gnu++17";
				CLANG_ENABLE_MODULES = YES;
				CLANG_ENABLE_OBJC_ARC = YES;
				CLANG_ENABLE_OBJC_WEAK = YES;
				CLANG_WARN_BLOCK_CAPTURE_AUTORELEASING = YES;
				CLANG_WARN_BOOL_CONVERSION = YES;
				CLANG_WARN_COMMA = YES;
				CLANG_WARN_CONSTANT_CONVERSION = YES;
				CLANG_WARN_DEPRECATED_OBJC_IMPLEMENTATIONS = YES;
				CLANG_WARN_DIRECT_OBJC_ISA_USAGE = YES_ERROR;
				CLANG_WARN_DOCUMENTATION_COMMENTS = YES;
				CLANG_WARN_EMPTY_BODY = YES;
				CLANG_WARN_ENUM_CONVERSION = YES;
				CLANG_WARN_INFINITE_RECURSION = YES;
				CLANG_WARN_INT_CONVERSION = YES;
				CLANG_WARN_NON_LITERAL_NULL_CONVERSION = YES;
				CLANG_WARN_OBJC_IMPLICIT_RETAIN_SELF = YES;
				CLANG_WARN_OBJC_LITERAL_CONVERSION = YES;
				CLANG_WARN_OBJC_ROOT_CLASS = YES_ERROR;
				CLANG_WARN_QUOTED_INCLUDE_IN_FRAMEWORK_HEADER = YES;
				CLANG_WARN_RANGE_LOOP_ANALYSIS = YES;
				CLANG_WARN_STRICT_PROTOTYPES = YES;
				CLANG_WARN_SUSPICIOUS_MOVE = YES;
				CLANG_WARN_UNGUARDED_AVAILABILITY = YES_AGGRESSIVE;
				CLANG_WARN_UNREACHABLE_CODE = YES;
				CLANG_WARN__DUPLICATE_METHOD_MATCH = YES;
				COPY_PHASE_STRIP = NO;
				DEBUG_INFORMATION_FORMAT = "dwarf-with-dsym";
				ENABLE_NS_ASSERTIONS = NO;
				ENABLE_STRICT_OBJC_MSGSEND = YES;
				GCC_C_LANGUAGE_STANDARD = gnu11;
				GCC_NO_COMMON_BLOCKS = YES;
				GCC_WARN_64_TO_32_BIT_CONVERSION = YES;
				GCC_WARN_ABOUT_RETURN_TYPE = YES_ERROR;
				GCC_WARN_UNDECLARED_SELECTOR = YES;
				GCC_WARN_UNINITIALIZED_AUTOS = YES_AGGRESSIVE;
				GCC_WARN_UNUSED_FUNCTION = YES;
				GCC_WARN_UNUSED_VARIABLE = YES;
				IPHONEOS_DEPLOYMENT_TARGET = 15.5;
				MTL_ENABLE_DEBUG_INFO = NO;
				MTL_FAST_MATH = YES;
				SDKROOT = iphoneos;
				SWIFT_COMPILATION_MODE = wholemodule;
				SWIFT_OPTIMIZATION_LEVEL = "-O";
				VALIDATE_PRODUCT = YES;
			};
			name = Release;
		};
		5613A48B288DDD3100A77C5D /* Debug */ = {
			isa = XCBuildConfiguration;
			buildSettings = {
				ASSETCATALOG_COMPILER_APPICON_NAME = AppIcon;
				ASSETCATALOG_COMPILER_GLOBAL_ACCENT_COLOR_NAME = AccentColor;
				CODE_SIGN_STYLE = Automatic;
				CURRENT_PROJECT_VERSION = 1;
				DEVELOPMENT_TEAM = RHPLRY9X9P;
				GENERATE_INFOPLIST_FILE = YES;
				INFOPLIST_FILE = JPMC_takehome/Info.plist;
				INFOPLIST_KEY_UIApplicationSupportsIndirectInputEvents = YES;
				INFOPLIST_KEY_UILaunchStoryboardName = LaunchScreen;
				INFOPLIST_KEY_UIMainStoryboardFile = Main;
				INFOPLIST_KEY_UISupportedInterfaceOrientations_iPad = "UIInterfaceOrientationPortrait UIInterfaceOrientationPortraitUpsideDown UIInterfaceOrientationLandscapeLeft UIInterfaceOrientationLandscapeRight";
				INFOPLIST_KEY_UISupportedInterfaceOrientations_iPhone = "UIInterfaceOrientationPortrait UIInterfaceOrientationLandscapeLeft UIInterfaceOrientationLandscapeRight";
				LD_RUNPATH_SEARCH_PATHS = (
					"$(inherited)",
					"@executable_path/Frameworks",
				);
				MARKETING_VERSION = 1.0;
				PRODUCT_BUNDLE_IDENTIFIER = "kessenma.JPMC-takehome";
				PRODUCT_NAME = "$(TARGET_NAME)";
				SWIFT_EMIT_LOC_STRINGS = YES;
				SWIFT_VERSION = 5.0;
				TARGETED_DEVICE_FAMILY = "1,2";
			};
			name = Debug;
		};
		5613A48C288DDD3100A77C5D /* Release */ = {
			isa = XCBuildConfiguration;
			buildSettings = {
				ASSETCATALOG_COMPILER_APPICON_NAME = AppIcon;
				ASSETCATALOG_COMPILER_GLOBAL_ACCENT_COLOR_NAME = AccentColor;
				CODE_SIGN_STYLE = Automatic;
				CURRENT_PROJECT_VERSION = 1;
				DEVELOPMENT_TEAM = RHPLRY9X9P;
				GENERATE_INFOPLIST_FILE = YES;
				INFOPLIST_FILE = JPMC_takehome/Info.plist;
				INFOPLIST_KEY_UIApplicationSupportsIndirectInputEvents = YES;
				INFOPLIST_KEY_UILaunchStoryboardName = LaunchScreen;
				INFOPLIST_KEY_UIMainStoryboardFile = Main;
				INFOPLIST_KEY_UISupportedInterfaceOrientations_iPad = "UIInterfaceOrientationPortrait UIInterfaceOrientationPortraitUpsideDown UIInterfaceOrientationLandscapeLeft UIInterfaceOrientationLandscapeRight";
				INFOPLIST_KEY_UISupportedInterfaceOrientations_iPhone = "UIInterfaceOrientationPortrait UIInterfaceOrientationLandscapeLeft UIInterfaceOrientationLandscapeRight";
				LD_RUNPATH_SEARCH_PATHS = (
					"$(inherited)",
					"@executable_path/Frameworks",
				);
				MARKETING_VERSION = 1.0;
				PRODUCT_BUNDLE_IDENTIFIER = "kessenma.JPMC-takehome";
				PRODUCT_NAME = "$(TARGET_NAME)";
				SWIFT_EMIT_LOC_STRINGS = YES;
				SWIFT_VERSION = 5.0;
				TARGETED_DEVICE_FAMILY = "1,2";
			};
			name = Release;
		};
/* End XCBuildConfiguration section */

/* Begin XCConfigurationList section */
		5613A471288DDD2F00A77C5D /* Build configuration list for PBXProject "JPMC_takehome" */ = {
			isa = XCConfigurationList;
			buildConfigurations = (
				5613A488288DDD3100A77C5D /* Debug */,
				5613A489288DDD3100A77C5D /* Release */,
			);
			defaultConfigurationIsVisible = 0;
			defaultConfigurationName = Release;
		};
		5613A48A288DDD3100A77C5D /* Build configuration list for PBXNativeTarget "JPMC_takehome" */ = {
			isa = XCConfigurationList;
			buildConfigurations = (
				5613A48B288DDD3100A77C5D /* Debug */,
				5613A48C288DDD3100A77C5D /* Release */,
			);
			defaultConfigurationIsVisible = 0;
			defaultConfigurationName = Release;
		};
/* End XCConfigurationList section */
	};
	rootObject = 5613A46E288DDD2F00A77C5D /* Project object */;
}
